
Microsoft Visual Studio Solution File, Format Version 12.00
# Visual Studio Version 17
VisualStudioVersion = 17.1.32328.378
MinimumVisualStudioVersion = 10.0.40219.1
Project("{9A19103F-16F7-4668-BE54-9A1E7A4F7556}") = "PointOfSale", "PointOfSale\PointOfSale.csproj", "{758BB8A1-FD8F-4FCF-85DC-E65F3BCE7082}"
EndProject
Project("{2150E333-8FDC-42A3-9474-1A3956D46DE8}") = "Solution Items", "Solution Items", "{F4CBE2ED-0DA0-4EB9-9215-BBDAB3A9F84F}"
	ProjectSection(SolutionItems) = preProject
		AllItems.txt = AllItems.txt
		outFile.txt = outFile.txt
		ProductList.cs = ProductList.cs
	EndProjectSection
EndProject
Global
	GlobalSection(SolutionConfigurationPlatforms) = preSolution
		Debug|Any CPU = Debug|Any CPU
		Release|Any CPU = Release|Any CPU
	EndGlobalSection
	GlobalSection(ProjectConfigurationPlatforms) = postSolution
		{758BB8A1-FD8F-4FCF-85DC-E65F3BCE7082}.Debug|Any CPU.ActiveCfg = Debug|Any CPU
		{758BB8A1-FD8F-4FCF-85DC-E65F3BCE7082}.Debug|Any CPU.Build.0 = Debug|Any CPU
		{758BB8A1-FD8F-4FCF-85DC-E65F3BCE7082}.Release|Any CPU.ActiveCfg = Release|Any CPU
		{758BB8A1-FD8F-4FCF-85DC-E65F3BCE7082}.Release|Any CPU.Build.0 = Release|Any CPU
	EndGlobalSection
	GlobalSection(SolutionProperties) = preSolution
		HideSolutionNode = FALSE
	EndGlobalSection
	GlobalSection(ExtensibilityGlobals) = postSolution
		SolutionGuid = {2C4733C9-DDF0-436A-AAEB-20AEB28503A2}
	EndGlobalSection
EndGlobal
